
Microsoft Visual Studio Solution File, Format Version 12.00
# Visual Studio 15
VisualStudioVersion = 15.0.35213.121
MinimumVisualStudioVersion = 10.0.40219.1
Project("{FAE04EC0-301F-11D3-BF4B-00C04F79EFBC}") = "3.hafta ödevi8", "3.hafta ödevi8\3.hafta ödevi8.csproj", "{2AA88A2F-6EC7-4717-82A2-5A71E7EC83A9}"
EndProject
Global
	GlobalSection(SolutionConfigurationPlatforms) = preSolution
		Debug|Any CPU = Debug|Any CPU
		Release|Any CPU = Release|Any CPU
	EndGlobalSection
	GlobalSection(ProjectConfigurationPlatforms) = postSolution
		{2AA88A2F-6EC7-4717-82A2-5A71E7EC83A9}.Debug|Any CPU.ActiveCfg = Debug|Any CPU
		{2AA88A2F-6EC7-4717-82A2-5A71E7EC83A9}.Debug|Any CPU.Build.0 = Debug|Any CPU
		{2AA88A2F-6EC7-4717-82A2-5A71E7EC83A9}.Release|Any CPU.ActiveCfg = Release|Any CPU
		{2AA88A2F-6EC7-4717-82A2-5A71E7EC83A9}.Release|Any CPU.Build.0 = Release|Any CPU
	EndGlobalSection
	GlobalSection(SolutionProperties) = preSolution
		HideSolutionNode = FALSE
	EndGlobalSection
	GlobalSection(ExtensibilityGlobals) = postSolution
		SolutionGuid = {8F847E8A-A88F-4731-BE5D-0AFDE1FB0FB9}
	EndGlobalSection
EndGlobal
